
Microsoft Visual Studio Solution File, Format Version 12.00
# Visual Studio 15
Project("{FAE04EC0-301F-11D3-BF4B-00C04F79EFBC}") = "DrawerSample.Android", "DrawerSample.Android\DrawerSample.Android.csproj", "{24CE3C36-16B9-426D-AA0C-5961ECF8D88C}"
EndProject
Project("{FAE04EC0-301F-11D3-BF4B-00C04F79EFBC}") = "DrawerSample.iOS", "DrawerSample.iOS\DrawerSample.iOS.csproj", "{47709EA0-4B7D-46EB-9902-92C4C563269B}"
EndProject
Project("{FAE04EC0-301F-11D3-BF4B-00C04F79EFBC}") = "DrawerSample", "DrawerSample\DrawerSample.csproj", "{8B02EAB0-6A8C-4872-8949-21D1F1ED05A8}"
EndProject
Global
	GlobalSection(SolutionConfigurationPlatforms) = preSolution
		Debug|Any CPU = Debug|Any CPU
		Release|Any CPU = Release|Any CPU
		Debug|iPhoneSimulator = Debug|iPhoneSimulator
		Release|iPhoneSimulator = Release|iPhoneSimulator
		Debug|iPhone = Debug|iPhone
		Release|iPhone = Release|iPhone
	EndGlobalSection
	GlobalSection(ProjectConfigurationPlatforms) = postSolution
		{24CE3C36-16B9-426D-AA0C-5961ECF8D88C}.Debug|Any CPU.ActiveCfg = Debug|Any CPU
		{24CE3C36-16B9-426D-AA0C-5961ECF8D88C}.Debug|Any CPU.Build.0 = Debug|Any CPU
		{24CE3C36-16B9-426D-AA0C-5961ECF8D88C}.Release|Any CPU.ActiveCfg = Release|Any CPU
		{24CE3C36-16B9-426D-AA0C-5961ECF8D88C}.Release|Any CPU.Build.0 = Release|Any CPU
		{24CE3C36-16B9-426D-AA0C-5961ECF8D88C}.Debug|iPhoneSimulator.ActiveCfg = Debug|Any CPU
		{24CE3C36-16B9-426D-AA0C-5961ECF8D88C}.Debug|iPhoneSimulator.Build.0 = Debug|Any CPU
		{24CE3C36-16B9-426D-AA0C-5961ECF8D88C}.Release|iPhoneSimulator.ActiveCfg = Release|Any CPU
		{24CE3C36-16B9-426D-AA0C-5961ECF8D88C}.Release|iPhoneSimulator.Build.0 = Release|Any CPU
		{24CE3C36-16B9-426D-AA0C-5961ECF8D88C}.Debug|iPhone.ActiveCfg = Debug|Any CPU
		{24CE3C36-16B9-426D-AA0C-5961ECF8D88C}.Debug|iPhone.Build.0 = Debug|Any CPU
		{24CE3C36-16B9-426D-AA0C-5961ECF8D88C}.Release|iPhone.ActiveCfg = Release|Any CPU
		{24CE3C36-16B9-426D-AA0C-5961ECF8D88C}.Release|iPhone.Build.0 = Release|Any CPU
		{47709EA0-4B7D-46EB-9902-92C4C563269B}.Debug|Any CPU.ActiveCfg = Debug|iPhoneSimulator
		{47709EA0-4B7D-46EB-9902-92C4C563269B}.Debug|Any CPU.Build.0 = Debug|iPhoneSimulator
		{47709EA0-4B7D-46EB-9902-92C4C563269B}.Release|Any CPU.ActiveCfg = Release|iPhoneSimulator
		{47709EA0-4B7D-46EB-9902-92C4C563269B}.Release|Any CPU.Build.0 = Release|iPhoneSimulator
		{47709EA0-4B7D-46EB-9902-92C4C563269B}.Debug|iPhoneSimulator.ActiveCfg = Debug|iPhoneSimulator
		{47709EA0-4B7D-46EB-9902-92C4C563269B}.Debug|iPhoneSimulator.Build.0 = Debug|iPhoneSimulator
		{47709EA0-4B7D-46EB-9902-92C4C563269B}.Release|iPhoneSimulator.ActiveCfg = Release|iPhoneSimulator
		{47709EA0-4B7D-46EB-9902-92C4C563269B}.Release|iPhoneSimulator.Build.0 = Release|iPhoneSimulator
		{47709EA0-4B7D-46EB-9902-92C4C563269B}.Debug|iPhone.ActiveCfg = Debug|iPhone
		{47709EA0-4B7D-46EB-9902-92C4C563269B}.Debug|iPhone.Build.0 = Debug|iPhone
		{47709EA0-4B7D-46EB-9902-92C4C563269B}.Release|iPhone.ActiveCfg = Release|iPhone
		{47709EA0-4B7D-46EB-9902-92C4C563269B}.Release|iPhone.Build.0 = Release|iPhone
		{8B02EAB0-6A8C-4872-8949-21D1F1ED05A8}.Debug|Any CPU.ActiveCfg = Debug|Any CPU
		{8B02EAB0-6A8C-4872-8949-21D1F1ED05A8}.Debug|Any CPU.Build.0 = Debug|Any CPU
		{8B02EAB0-6A8C-4872-8949-21D1F1ED05A8}.Release|Any CPU.ActiveCfg = Release|Any CPU
		{8B02EAB0-6A8C-4872-8949-21D1F1ED05A8}.Release|Any CPU.Build.0 = Release|Any CPU
		{8B02EAB0-6A8C-4872-8949-21D1F1ED05A8}.Debug|iPhoneSimulator.ActiveCfg = Debug|Any CPU
		{8B02EAB0-6A8C-4872-8949-21D1F1ED05A8}.Debug|iPhoneSimulator.Build.0 = Debug|Any CPU
		{8B02EAB0-6A8C-4872-8949-21D1F1ED05A8}.Release|iPhoneSimulator.ActiveCfg = Release|Any CPU
		{8B02EAB0-6A8C-4872-8949-21D1F1ED05A8}.Release|iPhoneSimulator.Build.0 = Release|Any CPU
		{8B02EAB0-6A8C-4872-8949-21D1F1ED05A8}.Debug|iPhone.ActiveCfg = Debug|Any CPU
		{8B02EAB0-6A8C-4872-8949-21D1F1ED05A8}.Debug|iPhone.Build.0 = Debug|Any CPU
		{8B02EAB0-6A8C-4872-8949-21D1F1ED05A8}.Release|iPhone.ActiveCfg = Release|Any CPU
		{8B02EAB0-6A8C-4872-8949-21D1F1ED05A8}.Release|iPhone.Build.0 = Release|Any CPU
	EndGlobalSection
EndGlobal
